
Microsoft Visual Studio Solution File, Format Version 12.00
# Visual Studio Version 17
VisualStudioVersion = 17.7.34009.444
MinimumVisualStudioVersion = 10.0.40219.1
Project("{FAE04EC0-301F-11D3-BF4B-00C04F79EFBC}") = "HW.13.6.1", "HW.13.6.1\HW.13.6.1.csproj", "{FB2684E0-3422-4472-9BCA-1FBEB767FD59}"
EndProject
Global
	GlobalSection(SolutionConfigurationPlatforms) = preSolution
		Debug|Any CPU = Debug|Any CPU
		Release|Any CPU = Release|Any CPU
	EndGlobalSection
	GlobalSection(ProjectConfigurationPlatforms) = postSolution
		{FB2684E0-3422-4472-9BCA-1FBEB767FD59}.Debug|Any CPU.ActiveCfg = Debug|Any CPU
		{FB2684E0-3422-4472-9BCA-1FBEB767FD59}.Debug|Any CPU.Build.0 = Debug|Any CPU
		{FB2684E0-3422-4472-9BCA-1FBEB767FD59}.Release|Any CPU.ActiveCfg = Release|Any CPU
		{FB2684E0-3422-4472-9BCA-1FBEB767FD59}.Release|Any CPU.Build.0 = Release|Any CPU
	EndGlobalSection
	GlobalSection(SolutionProperties) = preSolution
		HideSolutionNode = FALSE
	EndGlobalSection
	GlobalSection(ExtensibilityGlobals) = postSolution
		SolutionGuid = {A2DEC9B4-2D38-425A-8188-D29E922A67D1}
	EndGlobalSection
EndGlobal
